{
  "name": "example-app",
  "version": "1.0.0",
  "lockfileVersion": 3,
  "requires": true,
  "packages": {
    "": {
      "name": "example-app",
      "version": "1.0.0",
      "dependencies": {
        "left-pad": "^2.0.0",
        "mkdirp": "^1.0.0"
      },
      "devDependencies": {
        "typescript": "^5.0.0"
      }
    },
    "node_modules/inner-pkg": {
      "version": "1.0.2",
      "resolved": "https://registry.npmjs.org/inner-pkg/-/inner-pkg-1.0.2.tgz",
      "integrity": "sha512-8Nn3QpVNApjAyhQzphX8BkmKsKUxD4LdyK24iZeQGinBN9yTQT3ErnpN4TSBcJHq4pI6G2JL7gpiUxhkDI6hzgB=="
    },
    "node_modules/left-pad": {
      "version": "2.0.0",
      "resolved": "https://registry.npmjs.org/left-pad/-/left-pad-2.0.0.tgz",
      "integrity": "sha512-yJ6NPzVNApjAyhQzphX8BkmKsKUxD4LdyK24iZeQGinBN9yTQT3ErnpN4TSBcJHq4pI6G2JL7gpiUxhkDI6hzgC==",
      "dependencies": {
        "inner-pkg": "^1.0.0"
      }
    },
    "node_modules/mkdirp": {
      "version": "1.0.4",
      "resolved": "https://registry.npmjs.org/mkdirp/-/mkdirp-1.0.4.tgz",
      "integrity": "sha512-vVqvlZkI8eBauOjNYNYBSRSaPuzU1bXLJ6vK37lE0SjGMGjCgxUPrAlwTKueoNK8vAMyNAgp4q4RMvTtNHgQ7Bw=="
    },
    "node_modules/typescript": {
      "version": "5.4.5",
      "resolved": "https://registry.npmjs.org/typescript/-/typescript-5.4.5.tgz",
      "integrity": "sha512-VCtQUI0jfpI8XrVDG8nNHhfRIGbgE6kNssH2A8wpGq00LL8N0942qjXwIirGSJZIDUZaZOCFwLjRMDHImE4ACw==",
      "dev": true
    }
  }
}
