# This file is automatically @generated by Poetry 1.8.3 and should not be changed by hand.

[[package]]
name = "certifi"
version = "2024.2.2"
description = "Python package for providing Mozilla's CA Bundle."
optional = false
python-versions = ">=3.6"
files = [
    {file = "certifi-2024.2.2-py3-none-any.whl", hash = "sha256:071c1a3b0e8a1f1d3a6f7d7fb4a4b0c1d2e3f4a5b6c7d8e9f0a1b2c3d4e5f6a7"},
    {file = "certifi-2024.2.2.tar.gz", hash = "sha256:47a6c5a1e8a2f3b4c5d6e7f8a9b0c1d2e3f4a5b6c7d8e9f0a1b2c3d4e5f6a7b8c"},
]

[[package]]
name = "httpx"
version = "0.27.0"
description = "The next generation HTTP client."
optional = false
python-versions = ">=3.8"
files = [
    {file = "httpx-0.27.0-py3-none-any.whl", hash = "sha256:b1c1a2b3c4d5e6f7a8b9c0d1e2f3a4b5c6d7e8f9a0b1c2d3e4f5a6b7c8d9e0f1a"},
    {file = "httpx-0.27.0.tar.gz", hash = "sha256:c2d3e4f5a6b7c8d9e0f1a2b3c4d5e6f7a8b9c0d1e2f3a4b5c6d7e8f9a0b1c2d3e4"},
]

[package.dependencies]
certifi = "*"

[[package]]
name = "markdown-it-py"
version = "3.0.0"
description = "Python port of markdown-it."
optional = false
python-versions = ">=3.8"
files = [
    {file = "markdown_it_py-3.0.0-py3-none-any.whl", hash = "sha256:d3e4f5a6b7c8d9e0f1a2b3c4d5e6f7a8b9c0d1e2f3a4b5c6d7e8f9a0b1c2d3e4f"},
]

[[package]]
name = "pygments"
version = "2.17.2"
description = "Pygments is a syntax highlighting package."
optional = false
python-versions = ">=3.7"
files = [
    {file = "pygments-2.17.2-py3-none-any.whl", hash = "sha256:e4f5a6b7c8d9e0f1a2b3c4d5e6f7a8b9c0d1e2f3a4b5c6d7e8f9a0b1c2d3e4f5a6"},
]

[[package]]
name = "rich"
version = "99.0.0"
description = "Render rich text, tables, progress bars, syntax highlighting, markdown and more to the terminal."
optional = false
python-versions = ">=3.8.0"
files = [
    {file = "rich-13.7.1-py3-none-any.whl", hash = "sha256:f5a6b7c8d9e0f1a2b3c4d5e6f7a8b9c0d1e2f3a4b5c6d7e8f9a0b1c2d3e4f5a6b7"},
    {file = "rich-13.7.1.tar.gz", hash = "sha256:a6b7c8d9e0f1a2b3c4d5e6f7a8b9c0d1e2f3a4b5c6d7e8f9a0b1c2d3e4f5a6b7c8d"},
]

[package.dependencies]
markdown-it-py = ">=2.2"
pygments = ">=2.13,<3.0"

[metadata]
lock-version = "2.0"
python-versions = "^3.11"
content-hash = "0f4c2d81a1b3f5e7a9c2b4d6e8f0a2c4b6d8e0f2a4c6b8d0e2f4a6c8b0d2e4f6"
