# THIS IS AN AUTOGENERATED FILE. DO NOT EDIT THIS FILE DIRECTLY.
# yarn lockfile v1


left-pad@^2.0.0:
  version "2.0.0"
  resolved "https://registry.yarnpkg.com/left-pad/-/left-pad-2.0.0.tgz#2f7c9e1ac3b6d0f2a1c5e7b8d9a0b1c2d3e4f5a6"
  integrity sha512-yJ6NPzVNApjAyhQzphX8BkmKsKUxD4LdyK24iZeQGinBN9yTQT3ErnpN4TSBcJHq4pI6G2JL7gpiUxhkDI6hzgC==
